
Microsoft Visual Studio Solution File, Format Version 12.00
# Visual Studio Version 17
VisualStudioVersion = 17.0.32126.317
MinimumVisualStudioVersion = 10.0.40219.1
Project("{FAE04EC0-301F-11D3-BF4B-00C04F79EFBC}") = "MeuControle.API", "MeuControle.API\MeuControle.API.csproj", "{4D01EC42-4B3D-40B5-B64E-8733E2D695D9}"
EndProject
Global
	GlobalSection(SolutionConfigurationPlatforms) = preSolution
		Debug|Any CPU = Debug|Any CPU
		Release|Any CPU = Release|Any CPU
	EndGlobalSection
	GlobalSection(ProjectConfigurationPlatforms) = postSolution
		{4D01EC42-4B3D-40B5-B64E-8733E2D695D9}.Debug|Any CPU.ActiveCfg = Debug|Any CPU
		{4D01EC42-4B3D-40B5-B64E-8733E2D695D9}.Debug|Any CPU.Build.0 = Debug|Any CPU
		{4D01EC42-4B3D-40B5-B64E-8733E2D695D9}.Release|Any CPU.ActiveCfg = Release|Any CPU
		{4D01EC42-4B3D-40B5-B64E-8733E2D695D9}.Release|Any CPU.Build.0 = Release|Any CPU
	EndGlobalSection
	GlobalSection(SolutionProperties) = preSolution
		HideSolutionNode = FALSE
	EndGlobalSection
	GlobalSection(ExtensibilityGlobals) = postSolution
		SolutionGuid = {49ED6F11-0530-4AF6-A654-1E6F8CEDE396}
	EndGlobalSection
EndGlobal
